// !$*UTF8*$!
{
	archiveVersion = 1;
	classes = {
	};
	objectVersion = 50;
	objects = {

/* Begin PBXBuildFile section */
		584DA960243FD05A000C9A0D /* AppDelegate.swift in Sources */ = {isa = PBXBuildFile; fileRef = 584DA95F243FD05A000C9A0D /* AppDelegate.swift */; };
		584DA962243FD05A000C9A0D /* SceneDelegate.swift in Sources */ = {isa = PBXBuildFile; fileRef = 584DA961243FD05A000C9A0D /* SceneDelegate.swift */; };
		584DA967243FD05A000C9A0D /* Main.storyboard in Resources */ = {isa = PBXBuildFile; fileRef = 584DA965243FD05A000C9A0D /* Main.storyboard */; };
		584DA969243FD05D000C9A0D /* Assets.xcassets in Resources */ = {isa = PBXBuildFile; fileRef = 584DA968243FD05D000C9A0D /* Assets.xcassets */; };
		584DA96C243FD05D000C9A0D /* LaunchScreen.storyboard in Resources */ = {isa = PBXBuildFile; fileRef = 584DA96A243FD05D000C9A0D /* LaunchScreen.storyboard */; };
		584DA977243FD05D000C9A0D /* flixsterTests.swift in Sources */ = {isa = PBXBuildFile; fileRef = 584DA976243FD05D000C9A0D /* flixsterTests.swift */; };
		584DA982243FD05D000C9A0D /* flixsterUITests.swift in Sources */ = {isa = PBXBuildFile; fileRef = 584DA981243FD05D000C9A0D /* flixsterUITests.swift */; };
		584DA990243FD1C7000C9A0D /* MoviesViewController.swift in Sources */ = {isa = PBXBuildFile; fileRef = 584DA98F243FD1C7000C9A0D /* MoviesViewController.swift */; };
		584DA992243FDC09000C9A0D /* MovieCell.swift in Sources */ = {isa = PBXBuildFile; fileRef = 584DA991243FDC09000C9A0D /* MovieCell.swift */; };
		5FB04C9FC7EB13D7F50BE104 /* Pods_flixsterTests.framework in Frameworks */ = {isa = PBXBuildFile; fileRef = F2E37D79483E428CD4AE5119 /* Pods_flixsterTests.framework */; };
		90B1001618FDBD388F97E450 /* Pods_flixster_flixsterUITests.framework in Frameworks */ = {isa = PBXBuildFile; fileRef = 0E780E135FEB053BBF114B7B /* Pods_flixster_flixsterUITests.framework */; };
		9E2FDAEEE1B41011C8A8086B /* Pods_flixster.framework in Frameworks */ = {isa = PBXBuildFile; fileRef = E77EB57432AB70253A8B8566 /* Pods_flixster.framework */; };
/* End PBXBuildFile section */

/* Begin PBXContainerItemProxy section */
		584DA973243FD05D000C9A0D /* PBXContainerItemProxy */ = {
			isa = PBXContainerItemProxy;
			containerPortal = 584DA954243FD05A000C9A0D /* Project object */;
			proxyType = 1;
			remoteGlobalIDString = 584DA95B243FD05A000C9A0D;
			remoteInfo = flixster;
		};
		584DA97E243FD05D000C9A0D /* PBXContainerItemProxy */ = {
			isa = PBXContainerItemProxy;
			containerPortal = 584DA954243FD05A000C9A0D /* Project object */;
			proxyType = 1;
			remoteGlobalIDString = 584DA95B243FD05A000C9A0D;
			remoteInfo = flixster;
		};
/* End PBXContainerItemProxy section */

/* Begin PBXFileReference section */
		081C11E56F3A433C8F531C9D /* Pods-flixsterTests.release.xcconfig */ = {isa = PBXFileReference; includeInIndex = 1; lastKnownFileType = text.xcconfig; name = "Pods-flixsterTests.release.xcconfig"; path = "Target Support Files/Pods-flixsterTests/Pods-flixsterTests.release.xcconfig"; sourceTree = "<group>"; };
		0E780E135FEB053BBF114B7B /* Pods_flixster_flixsterUITests.framework */ = {isa = PBXFileReference; explicitFileType = wrapper.framework; includeInIndex = 0; path = Pods_flixster_flixsterUITests.framework; sourceTree = BUILT_PRODUCTS_DIR; };
		1AA8E53CB1DCFCE707FED72D /* Pods-flixster-flixsterUITests.debug.xcconfig */ = {isa = PBXFileReference; includeInIndex = 1; lastKnownFileType = text.xcconfig; name = "Pods-flixster-flixsterUITests.debug.xcconfig"; path = "Target Support Files/Pods-flixster-flixsterUITests/Pods-flixster-flixsterUITests.debug.xcconfig"; sourceTree = "<group>"; };
		1CF7548881ADAF7FC3DDA633 /* Pods-flixster.debug.xcconfig */ = {isa = PBXFileReference; includeInIndex = 1; lastKnownFileType = text.xcconfig; name = "Pods-flixster.debug.xcconfig"; path = "Target Support Files/Pods-flixster/Pods-flixster.debug.xcconfig"; sourceTree = "<group>"; };
		584DA95C243FD05A000C9A0D /* flixster.app */ = {isa = PBXFileReference; explicitFileType = wrapper.application; includeInIndex = 0; path = flixster.app; sourceTree = BUILT_PRODUCTS_DIR; };
		584DA95F243FD05A000C9A0D /* AppDelegate.swift */ = {isa = PBXFileReference; lastKnownFileType = sourcecode.swift; path = AppDelegate.swift; sourceTree = "<group>"; };
		584DA961243FD05A000C9A0D /* SceneDelegate.swift */ = {isa = PBXFileReference; lastKnownFileType = sourcecode.swift; path = SceneDelegate.swift; sourceTree = "<group>"; };
		584DA966243FD05A000C9A0D /* Base */ = {isa = PBXFileReference; lastKnownFileType = file.storyboard; name = Base; path = Base.lproj/Main.storyboard; sourceTree = "<group>"; };
		584DA968243FD05D000C9A0D /* Assets.xcassets */ = {isa = PBXFileReference; lastKnownFileType = folder.assetcatalog; path = Assets.xcassets; sourceTree = "<group>"; };
		584DA96B243FD05D000C9A0D /* Base */ = {isa = PBXFileReference; lastKnownFileType = file.storyboard; name = Base; path = Base.lproj/LaunchScreen.storyboard; sourceTree = "<group>"; };
		584DA96D243FD05D000C9A0D /* Info.plist */ = {isa = PBXFileReference; lastKnownFileType = text.plist.xml; path = Info.plist; sourceTree = "<group>"; };
		584DA972243FD05D000C9A0D /* flixsterTests.xctest */ = {isa = PBXFileReference; explicitFileType = wrapper.cfbundle; includeInIndex = 0; path = flixsterTests.xctest; sourceTree = BUILT_PRODUCTS_DIR; };
		584DA976243FD05D000C9A0D /* flixsterTests.swift */ = {isa = PBXFileReference; lastKnownFileType = sourcecode.swift; path = flixsterTests.swift; sourceTree = "<group>"; };
		584DA978243FD05D000C9A0D /* Info.plist */ = {isa = PBXFileReference; lastKnownFileType = text.plist.xml; path = Info.plist; sourceTree = "<group>"; };
		584DA97D243FD05D000C9A0D /* flixsterUITests.xctest */ = {isa = PBXFileReference; explicitFileType = wrapper.cfbundle; includeInIndex = 0; path = flixsterUITests.xctest; sourceTree = BUILT_PRODUCTS_DIR; };
		584DA981243FD05D000C9A0D /* flixsterUITests.swift */ = {isa = PBXFileReference; lastKnownFileType = sourcecode.swift; path = flixsterUITests.swift; sourceTree = "<group>"; };
		584DA983243FD05D000C9A0D /* Info.plist */ = {isa = PBXFileReference; lastKnownFileType = text.plist.xml; path = Info.plist; sourceTree = "<group>"; };
		584DA98F243FD1C7000C9A0D /* MoviesViewController.swift */ = {isa = PBXFileReference; lastKnownFileType = sourcecode.swift; path = MoviesViewController.swift; sourceTree = "<group>"; };
		584DA991243FDC09000C9A0D /* MovieCell.swift */ = {isa = PBXFileReference; lastKnownFileType = sourcecode.swift; path = MovieCell.swift; sourceTree = "<group>"; };
		66A8DFD58A1937CB121E2E33 /* Pods-flixster.release.xcconfig */ = {isa = PBXFileReference; includeInIndex = 1; lastKnownFileType = text.xcconfig; name = "Pods-flixster.release.xcconfig"; path = "Target Support Files/Pods-flixster/Pods-flixster.release.xcconfig"; sourceTree = "<group>"; };
		A399C8DB75DF12E3B7750801 /* Pods-flixsterTests.debug.xcconfig */ = {isa = PBXFileReference; includeInIndex = 1; lastKnownFileType = text.xcconfig; name = "Pods-flixsterTests.debug.xcconfig"; path = "Target Support Files/Pods-flixsterTests/Pods-flixsterTests.debug.xcconfig"; sourceTree = "<group>"; };
		C3708554EA47BF0DDC6AD34D /* Pods-flixster-flixsterUITests.release.xcconfig */ = {isa = PBXFileReference; includeInIndex = 1; lastKnownFileType = text.xcconfig; name = "Pods-flixster-flixsterUITests.release.xcconfig"; path = "Target Support Files/Pods-flixster-flixsterUITests/Pods-flixster-flixsterUITests.release.xcconfig"; sourceTree = "<group>"; };
		E77EB57432AB70253A8B8566 /* Pods_flixster.framework */ = {isa = PBXFileReference; explicitFileType = wrapper.framework; includeInIndex = 0; path = Pods_flixster.framework; sourceTree = BUILT_PRODUCTS_DIR; };
		F2E37D79483E428CD4AE5119 /* Pods_flixsterTests.framework */ = {isa = PBXFileReference; explicitFileType = wrapper.framework; includeInIndex = 0; path = Pods_flixsterTests.framework; sourceTree = BUILT_PRODUCTS_DIR; };
/* End PBXFileReference section */

/* Begin PBXFrameworksBuildPhase section */
		584DA959243FD05A000C9A0D /* Frameworks */ = {
			isa = PBXFrameworksBuildPhase;
			buildActionMask = 2147483647;
			files = (
				9E2FDAEEE1B41011C8A8086B /* Pods_flixster.framework in Frameworks */,
			);
			runOnlyForDeploymentPostprocessing = 0;
		};
		584DA96F243FD05D000C9A0D /* Frameworks */ = {
			isa = PBXFrameworksBuildPhase;
			buildActionMask = 2147483647;
			files = (
				5FB04C9FC7EB13D7F50BE104 /* Pods_flixsterTests.framework in Frameworks */,
			);
			runOnlyForDeploymentPostprocessing = 0;
		};
		584DA97A243FD05D000C9A0D /* Frameworks */ = {
			isa = PBXFrameworksBuildPhase;
			buildActionMask = 2147483647;
			files = (
				90B1001618FDBD388F97E450 /* Pods_flixster_flixsterUITests.framework in Frameworks */,
			);
			runOnlyForDeploymentPostprocessing = 0;
		};
/* End PBXFrameworksBuildPhase section */

/* Begin PBXGroup section */
		119AC94EC7983C46DFBBEC8B /* Pods */ = {
			isa = PBXGroup;
			children = (
				1CF7548881ADAF7FC3DDA633 /* Pods-flixster.debug.xcconfig */,
				66A8DFD58A1937CB121E2E33 /* Pods-flixster.release.xcconfig */,
				1AA8E53CB1DCFCE707FED72D /* Pods-flixster-flixsterUITests.debug.xcconfig */,
				C3708554EA47BF0DDC6AD34D /* Pods-flixster-flixsterUITests.release.xcconfig */,
				A399C8DB75DF12E3B7750801 /* Pods-flixsterTests.debug.xcconfig */,
				081C11E56F3A433C8F531C9D /* Pods-flixsterTests.release.xcconfig */,
			);
			name = Pods;
			path = Pods;
			sourceTree = "<group>";
		};
		584DA953243FD05A000C9A0D = {
			isa = PBXGroup;
			children = (
				584DA95E243FD05A000C9A0D /* flixster */,
				584DA975243FD05D000C9A0D /* flixsterTests */,
				584DA980243FD05D000C9A0D /* flixsterUITests */,
				584DA95D243FD05A000C9A0D /* Products */,
				119AC94EC7983C46DFBBEC8B /* Pods */,
				96856F3118CAB482629801F7 /* Frameworks */,
			);
			sourceTree = "<group>";
		};
		584DA95D243FD05A000C9A0D /* Products */ = {
			isa = PBXGroup;
			children = (
				584DA95C243FD05A000C9A0D /* flixster.app */,
				584DA972243FD05D000C9A0D /* flixsterTests.xctest */,
				584DA97D243FD05D000C9A0D /* flixsterUITests.xctest */,
			);
			name = Products;
			sourceTree = "<group>";
		};
		584DA95E243FD05A000C9A0D /* flixster */ = {
			isa = PBXGroup;
			children = (
				584DA95F243FD05A000C9A0D /* AppDelegate.swift */,
				584DA98F243FD1C7000C9A0D /* MoviesViewController.swift */,
				584DA961243FD05A000C9A0D /* SceneDelegate.swift */,
				584DA965243FD05A000C9A0D /* Main.storyboard */,
				584DA991243FDC09000C9A0D /* MovieCell.swift */,
				584DA968243FD05D000C9A0D /* Assets.xcassets */,
				584DA96A243FD05D000C9A0D /* LaunchScreen.storyboard */,
				584DA96D243FD05D000C9A0D /* Info.plist */,
			);
			path = flixster;
			sourceTree = "<group>";
		};
		584DA975243FD05D000C9A0D /* flixsterTests */ = {
			isa = PBXGroup;
			children = (
				584DA976243FD05D000C9A0D /* flixsterTests.swift */,
				584DA978243FD05D000C9A0D /* Info.plist */,
			);
			path = flixsterTests;
			sourceTree = "<group>";
		};
		584DA980243FD05D000C9A0D /* flixsterUITests */ = {
			isa = PBXGroup;
			children = (
				584DA981243FD05D000C9A0D /* flixsterUITests.swift */,
				584DA983243FD05D000C9A0D /* Info.plist */,
			);
			path = flixsterUITests;
			sourceTree = "<group>";
		};
		96856F3118CAB482629801F7 /* Frameworks */ = {
			isa = PBXGroup;
			children = (
				E77EB57432AB70253A8B8566 /* Pods_flixster.framework */,
				0E780E135FEB053BBF114B7B /* Pods_flixster_flixsterUITests.framework */,
				F2E37D79483E428CD4AE5119 /* Pods_flixsterTests.framework */,
			);
			name = Frameworks;
			sourceTree = "<group>";
		};
/* End PBXGroup section */

/* Begin PBXNativeTarget section */
		584DA95B243FD05A000C9A0D /* flixster */ = {
			isa = PBXNativeTarget;
			buildConfigurationList = 584DA986243FD05D000C9A0D /* Build configuration list for PBXNativeTarget "flixster" */;
			buildPhases = (
				A12BD4532FD38F84059B0F92 /* [CP] Check Pods Manifest.lock */,
				584DA958243FD05A000C9A0D /* Sources */,
				584DA959243FD05A000C9A0D /* Frameworks */,
				584DA95A243FD05A000C9A0D /* Resources */,
				51D9FFA45CB973940E4F0B11 /* [CP] Embed Pods Frameworks */,
			);
			buildRules = (
			);
			dependencies = (
			);
			name = flixster;
			productName = flixster;
			productReference = 584DA95C243FD05A000C9A0D /* flixster.app */;
			productType = "com.apple.product-type.application";
		};
		584DA971243FD05D000C9A0D /* flixsterTests */ = {
			isa = PBXNativeTarget;
			buildConfigurationList = 584DA989243FD05D000C9A0D /* Build configuration list for PBXNativeTarget "flixsterTests" */;
			buildPhases = (
				1C916A4B4AD9ACFE53126D99 /* [CP] Check Pods Manifest.lock */,
				584DA96E243FD05D000C9A0D /* Sources */,
				584DA96F243FD05D000C9A0D /* Frameworks */,
				584DA970243FD05D000C9A0D /* Resources */,
			);
			buildRules = (
			);
			dependencies = (
				584DA974243FD05D000C9A0D /* PBXTargetDependency */,
			);
			name = flixsterTests;
			productName = flixsterTests;
			productReference = 584DA972243FD05D000C9A0D /* flixsterTests.xctest */;
			productType = "com.apple.product-type.bundle.unit-test";
		};
		584DA97C243FD05D000C9A0D /* flixsterUITests */ = {
			isa = PBXNativeTarget;
			buildConfigurationList = 584DA98C243FD05D000C9A0D /* Build configuration list for PBXNativeTarget "flixsterUITests" */;
			buildPhases = (
				1489EC24BC7C849BF496D8C6 /* [CP] Check Pods Manifest.lock */,
				584DA979243FD05D000C9A0D /* Sources */,
				584DA97A243FD05D000C9A0D /* Frameworks */,
				584DA97B243FD05D000C9A0D /* Resources */,
				C775D172E81EB44638957C0D /* [CP] Embed Pods Frameworks */,
			);
			buildRules = (
			);
			dependencies = (
				584DA97F243FD05D000C9A0D /* PBXTargetDependency */,
			);
			name = flixsterUITests;
			productName = flixsterUITests;
			productReference = 584DA97D243FD05D000C9A0D /* flixsterUITests.xctest */;
			productType = "com.apple.product-type.bundle.ui-testing";
		};
/* End PBXNativeTarget section */

/* Begin PBXProject section */
		584DA954243FD05A000C9A0D /* Project object */ = {
			isa = PBXProject;
			attributes = {
				LastSwiftUpdateCheck = 1140;
				LastUpgradeCheck = 1140;
				ORGANIZATIONNAME = "Maha Malik";
				TargetAttributes = {
					584DA95B243FD05A000C9A0D = {
						CreatedOnToolsVersion = 11.4;
					};
					584DA971243FD05D000C9A0D = {
						CreatedOnToolsVersion = 11.4;
						TestTargetID = 584DA95B243FD05A000C9A0D;
					};
					584DA97C243FD05D000C9A0D = {
						CreatedOnToolsVersion = 11.4;
						TestTargetID = 584DA95B243FD05A000C9A0D;
					};
				};
			};
			buildConfigurationList = 584DA957243FD05A000C9A0D /* Build configuration list for PBXProject "flixster" */;
			compatibilityVersion = "Xcode 9.3";
			developmentRegion = en;
			hasScannedForEncodings = 0;
			knownRegions = (
				en,
				Base,
			);
			mainGroup = 584DA953243FD05A000C9A0D;
			productRefGroup = 584DA95D243FD05A000C9A0D /* Products */;
			projectDirPath = "";
			projectRoot = "";
			targets = (
				584DA95B243FD05A000C9A0D /* flixster */,
				584DA971243FD05D000C9A0D /* flixsterTests */,
				584DA97C243FD05D000C9A0D /* flixsterUITests */,
			);
		};
/* End PBXProject section */

/* Begin PBXResourcesBuildPhase section */
		584DA95A243FD05A000C9A0D /* Resources */ = {
			isa = PBXResourcesBuildPhase;
			buildActionMask = 2147483647;
			files = (
				584DA96C243FD05D000C9A0D /* LaunchScreen.storyboard in Resources */,
				584DA969243FD05D000C9A0D /* Assets.xcassets in Resources */,
				584DA967243FD05A000C9A0D /* Main.storyboard in Resources */,
			);
			runOnlyForDeploymentPostprocessing = 0;
		};
		584DA970243FD05D000C9A0D /* Resources */ = {
			isa = PBXResourcesBuildPhase;
			buildActionMask = 2147483647;
			files = (
			);
			runOnlyForDeploymentPostprocessing = 0;
		};
		584DA97B243FD05D000C9A0D /* Resources */ = {
			isa = PBXResourcesBuildPhase;
			buildActionMask = 2147483647;
			files = (
			);
			runOnlyForDeploymentPostprocessing = 0;
		};
/* End PBXResourcesBuildPhase section */

/* Begin PBXShellScriptBuildPhase section */
		1489EC24BC7C849BF496D8C6 /* [CP] Check Pods Manifest.lock */ = {
			isa = PBXShellScriptBuildPhase;
			buildActionMask = 2147483647;
			files = (
			);
			inputFileListPaths = (
			);
			inputPaths = (
				"${PODS_PODFILE_DIR_PATH}/Podfile.lock",
				"${PODS_ROOT}/Manifest.lock",
			);
			name = "[CP] Check Pods Manifest.lock";
			outputFileListPaths = (
			);
			outputPaths = (
				"$(DERIVED_FILE_DIR)/Pods-flixster-flixsterUITests-checkManifestLockResult.txt",
			);
			runOnlyForDeploymentPostprocessing = 0;
			shellPath = /bin/sh;
			shellScript = "diff \"${PODS_PODFILE_DIR_PATH}/Podfile.lock\" \"${PODS_ROOT}/Manifest.lock\" > /dev/null\nif [ $? != 0 ] ; then\n    # print error to STDERR\n    echo \"error: The sandbox is not in sync with the Podfile.lock. Run 'pod install' or update your CocoaPods installation.\" >&2\n    exit 1\nfi\n# This output is used by Xcode 'outputs' to avoid re-running this script phase.\necho \"SUCCESS\" > \"${SCRIPT_OUTPUT_FILE_0}\"\n";
			showEnvVarsInLog = 0;
		};
		1C916A4B4AD9ACFE53126D99 /* [CP] Check Pods Manifest.lock */ = {
			isa = PBXShellScriptBuildPhase;
			buildActionMask = 2147483647;
			files = (
			);
			inputFileListPaths = (
			);
			inputPaths = (
				"${PODS_PODFILE_DIR_PATH}/Podfile.lock",
				"${PODS_ROOT}/Manifest.lock",
			);
			name = "[CP] Check Pods Manifest.lock";
			outputFileListPaths = (
			);
			outputPaths = (
				"$(DERIVED_FILE_DIR)/Pods-flixsterTests-checkManifestLockResult.txt",
			);
			runOnlyForDeploymentPostprocessing = 0;
			shellPath = /bin/sh;
			shellScript = "diff \"${PODS_PODFILE_DIR_PATH}/Podfile.lock\" \"${PODS_ROOT}/Manifest.lock\" > /dev/null\nif [ $? != 0 ] ; then\n    # print error to STDERR\n    echo \"error: The sandbox is not in sync with the Podfile.lock. Run 'pod install' or update your CocoaPods installation.\" >&2\n    exit 1\nfi\n# This output is used by Xcode 'outputs' to avoid re-running this script phase.\necho \"SUCCESS\" > \"${SCRIPT_OUTPUT_FILE_0}\"\n";
			showEnvVarsInLog = 0;
		};
		51D9FFA45CB973940E4F0B11 /* [CP] Embed Pods Frameworks */ = {
			isa = PBXShellScriptBuildPhase;
			buildActionMask = 2147483647;
			files = (
			);
			inputFileListPaths = (
				"${PODS_ROOT}/Target Support Files/Pods-flixster/Pods-flixster-frameworks-${CONFIGURATION}-input-files.xcfilelist",
			);
			name = "[CP] Embed Pods Frameworks";
			outputFileListPaths = (
				"${PODS_ROOT}/Target Support Files/Pods-flixster/Pods-flixster-frameworks-${CONFIGURATION}-output-files.xcfilelist",
			);
			runOnlyForDeploymentPostprocessing = 0;
			shellPath = /bin/sh;
			shellScript = "\"${PODS_ROOT}/Target Support Files/Pods-flixster/Pods-flixster-frameworks.sh\"\n";
			showEnvVarsInLog = 0;
		};
		A12BD4532FD38F84059B0F92 /* [CP] Check Pods Manifest.lock */ = {
			isa = PBXShellScriptBuildPhase;
			buildActionMask = 2147483647;
			files = (
			);
			inputFileListPaths = (
			);
			inputPaths = (
				"${PODS_PODFILE_DIR_PATH}/Podfile.lock",
				"${PODS_ROOT}/Manifest.lock",
			);
			name = "[CP] Check Pods Manifest.lock";
			outputFileListPaths = (
			);
			outputPaths = (
				"$(DERIVED_FILE_DIR)/Pods-flixster-checkManifestLockResult.txt",
			);
			runOnlyForDeploymentPostprocessing = 0;
			shellPath = /bin/sh;
			shellScript = "diff \"${PODS_PODFILE_DIR_PATH}/Podfile.lock\" \"${PODS_ROOT}/Manifest.lock\" > /dev/null\nif [ $? != 0 ] ; then\n    # print error to STDERR\n    echo \"error: The sandbox is not in sync with the Podfile.lock. Run 'pod install' or update your CocoaPods installation.\" >&2\n    exit 1\nfi\n# This output is used by Xcode 'outputs' to avoid re-running this script phase.\necho \"SUCCESS\" > \"${SCRIPT_OUTPUT_FILE_0}\"\n";
			showEnvVarsInLog = 0;
		};
		C775D172E81EB44638957C0D /* [CP] Embed Pods Frameworks */ = {
			isa = PBXShellScriptBuildPhase;
			buildActionMask = 2147483647;
			files = (
			);
			inputFileListPaths = (
				"${PODS_ROOT}/Target Support Files/Pods-flixster-flixsterUITests/Pods-flixster-flixsterUITests-frameworks-${CONFIGURATION}-input-files.xcfilelist",
			);
			name = "[CP] Embed Pods Frameworks";
			outputFileListPaths = (
				"${PODS_ROOT}/Target Support Files/Pods-flixster-flixsterUITests/Pods-flixster-flixsterUITests-frameworks-${CONFIGURATION}-output-files.xcfilelist",
			);
			runOnlyForDeploymentPostprocessing = 0;
			shellPath = /bin/sh;
			shellScript = "\"${PODS_ROOT}/Target Support Files/Pods-flixster-flixsterUITests/Pods-flixster-flixsterUITests-frameworks.sh\"\n";
			showEnvVarsInLog = 0;
		};
/* End PBXShellScriptBuildPhase section */

/* Begin PBXSourcesBuildPhase section */
		584DA958243FD05A000C9A0D /* Sources */ = {
			isa = PBXSourcesBuildPhase;
			buildActionMask = 2147483647;
			files = (
				584DA960243FD05A000C9A0D /* AppDelegate.swift in Sources */,
				584DA962243FD05A000C9A0D /* SceneDelegate.swift in Sources */,
				584DA992243FDC09000C9A0D /* MovieCell.swift in Sources */,
				584DA990243FD1C7000C9A0D /* MoviesViewController.swift in Sources */,
			);
			runOnlyForDeploymentPostprocessing = 0;
		};
		584DA96E243FD05D000C9A0D /* Sources */ = {
			isa = PBXSourcesBuildPhase;
			buildActionMask = 2147483647;
			files = (
				584DA977243FD05D000C9A0D /* flixsterTests.swift in Sources */,
			);
			runOnlyForDeploymentPostprocessing = 0;
		};
		584DA979243FD05D000C9A0D /* Sources */ = {
			isa = PBXSourcesBuildPhase;
			buildActionMask = 2147483647;
			files = (
				584DA982243FD05D000C9A0D /* flixsterUITests.swift in Sources */,
			);
			runOnlyForDeploymentPostprocessing = 0;
		};
/* End PBXSourcesBuildPhase section */

/* Begin PBXTargetDependency section */
		584DA974243FD05D000C9A0D /* PBXTargetDependency */ = {
			isa = PBXTargetDependency;
			target = 584DA95B243FD05A000C9A0D /* flixster */;
			targetProxy = 584DA973243FD05D000C9A0D /* PBXContainerItemProxy */;
		};
		584DA97F243FD05D000C9A0D /* PBXTargetDependency */ = {
			isa = PBXTargetDependency;
			target = 584DA95B243FD05A000C9A0D /* flixster */;
			targetProxy = 584DA97E243FD05D000C9A0D /* PBXContainerItemProxy */;
		};
/* End PBXTargetDependency section */

/* Begin PBXVariantGroup section */
		584DA965243FD05A000C9A0D /* Main.storyboard */ = {
			isa = PBXVariantGroup;
			children = (
				584DA966243FD05A000C9A0D /* Base */,
			);
			name = Main.storyboard;
			sourceTree = "<group>";
		};
		584DA96A243FD05D000C9A0D /* LaunchScreen.storyboard */ = {
			isa = PBXVariantGroup;
			children = (
				584DA96B243FD05D000C9A0D /* Base */,
			);
			name = LaunchScreen.storyboard;
			sourceTree = "<group>";
		};
/* End PBXVariantGroup section */

/* Begin XCBuildConfiguration section */
		584DA984243FD05D000C9A0D /* Debug */ = {
			isa = XCBuildConfiguration;
			buildSettings = {
				ALWAYS_SEARCH_USER_PATHS = NO;
				CLANG_ANALYZER_NONNULL = YES;
				CLANG_ANALYZER_NUMBER_OBJECT_CONVERSION = YES_AGGRESSIVE;
				CLANG_CXX_LANGUAGE_STANDARD = "gnu++14";
				CLANG_CXX_LIBRARY = "libc++";
				CLANG_ENABLE_MODULES = YES;
				CLANG_ENABLE_OBJC_ARC = YES;
				CLANG_ENABLE_OBJC_WEAK = YES;
				CLANG_WARN_BLOCK_CAPTURE_AUTORELEASING = YES;
				CLANG_WARN_BOOL_CONVERSION = YES;
				CLANG_WARN_COMMA = YES;
				CLANG_WARN_CONSTANT_CONVERSION = YES;
				CLANG_WARN_DEPRECATED_OBJC_IMPLEMENTATIONS = YES;
				CLANG_WARN_DIRECT_OBJC_ISA_USAGE = YES_ERROR;
				CLANG_WARN_DOCUMENTATION_COMMENTS = YES;
				CLANG_WARN_EMPTY_BODY = YES;
				CLANG_WARN_ENUM_CONVERSION = YES;
				CLANG_WARN_INFINITE_RECURSION = YES;
				CLANG_WARN_INT_CONVERSION = YES;
				CLANG_WARN_NON_LITERAL_NULL_CONVERSION = YES;
				CLANG_WARN_OBJC_IMPLICIT_RETAIN_SELF = YES;
				CLANG_WARN_OBJC_LITERAL_CONVERSION = YES;
				CLANG_WARN_OBJC_ROOT_CLASS = YES_ERROR;
				CLANG_WARN_RANGE_LOOP_ANALYSIS = YES;
				CLANG_WARN_STRICT_PROTOTYPES = YES;
				CLANG_WARN_SUSPICIOUS_MOVE = YES;
				CLANG_WARN_UNGUARDED_AVAILABILITY = YES_AGGRESSIVE;
				CLANG_WARN_UNREACHABLE_CODE = YES;
				CLANG_WARN__DUPLICATE_METHOD_MATCH = YES;
				COPY_PHASE_STRIP = NO;
				DEBUG_INFORMATION_FORMAT = dwarf;
				ENABLE_STRICT_OBJC_MSGSEND = YES;
				ENABLE_TESTABILITY = YES;
				GCC_C_LANGUAGE_STANDARD = gnu11;
				GCC_DYNAMIC_NO_PIC = NO;
				GCC_NO_COMMON_BLOCKS = YES;
				GCC_OPTIMIZATION_LEVEL = 0;
				GCC_PREPROCESSOR_DEFINITIONS = (
					"DEBUG=1",
					"$(inherited)",
				);
				GCC_WARN_64_TO_32_BIT_CONVERSION = YES;
				GCC_WARN_ABOUT_RETURN_TYPE = YES_ERROR;
				GCC_WARN_UNDECLARED_SELECTOR = YES;
				GCC_WARN_UNINITIALIZED_AUTOS = YES_AGGRESSIVE;
				GCC_WARN_UNUSED_FUNCTION = YES;
				GCC_WARN_UNUSED_VARIABLE = YES;
				IPHONEOS_DEPLOYMENT_TARGET = 13.4;
				MTL_ENABLE_DEBUG_INFO = INCLUDE_SOURCE;
				MTL_FAST_MATH = YES;
				ONLY_ACTIVE_ARCH = YES;
				SDKROOT = iphoneos;
				SWIFT_ACTIVE_COMPILATION_CONDITIONS = DEBUG;
				SWIFT_OPTIMIZATION_LEVEL = "-Onone";
			};
			name = Debug;
		};
		584DA985243FD05D000C9A0D /* Release */ = {
			isa = XCBuildConfiguration;
			buildSettings = {
				ALWAYS_SEARCH_USER_PATHS = NO;
				CLANG_ANALYZER_NONNULL = YES;
				CLANG_ANALYZER_NUMBER_OBJECT_CONVERSION = YES_AGGRESSIVE;
				CLANG_CXX_LANGUAGE_STANDARD = "gnu++14";
				CLANG_CXX_LIBRARY = "libc++";
				CLANG_ENABLE_MODULES = YES;
				CLANG_ENABLE_OBJC_ARC = YES;
				CLANG_ENABLE_OBJC_WEAK = YES;
				CLANG_WARN_BLOCK_CAPTURE_AUTORELEASING = YES;
				CLANG_WARN_BOOL_CONVERSION = YES;
				CLANG_WARN_COMMA = YES;
				CLANG_WARN_CONSTANT_CONVERSION = YES;
				CLANG_WARN_DEPRECATED_OBJC_IMPLEMENTATIONS = YES;
				CLANG_WARN_DIRECT_OBJC_ISA_USAGE = YES_ERROR;
				CLANG_WARN_DOCUMENTATION_COMMENTS = YES;
				CLANG_WARN_EMPTY_BODY = YES;
				CLANG_WARN_ENUM_CONVERSION = YES;
				CLANG_WARN_INFINITE_RECURSION = YES;
				CLANG_WARN_INT_CONVERSION = YES;
				CLANG_WARN_NON_LITERAL_NULL_CONVERSION = YES;
				CLANG_WARN_OBJC_IMPLICIT_RETAIN_SELF = YES;
				CLANG_WARN_OBJC_LITERAL_CONVERSION = YES;
				CLANG_WARN_OBJC_ROOT_CLASS = YES_ERROR;
				CLANG_WARN_RANGE_LOOP_ANALYSIS = YES;
				CLANG_WARN_STRICT_PROTOTYPES = YES;
				CLANG_WARN_SUSPICIOUS_MOVE = YES;
				CLANG_WARN_UNGUARDED_AVAILABILITY = YES_AGGRESSIVE;
				CLANG_WARN_UNREACHABLE_CODE = YES;
				CLANG_WARN__DUPLICATE_METHOD_MATCH = YES;
				COPY_PHASE_STRIP = NO;
				DEBUG_INFORMATION_FORMAT = "dwarf-with-dsym";
				ENABLE_NS_ASSERTIONS = NO;
				ENABLE_STRICT_OBJC_MSGSEND = YES;
				GCC_C_LANGUAGE_STANDARD = gnu11;
				GCC_NO_COMMON_BLOCKS = YES;
				GCC_WARN_64_TO_32_BIT_CONVERSION = YES;
				GCC_WARN_ABOUT_RETURN_TYPE = YES_ERROR;
				GCC_WARN_UNDECLARED_SELECTOR = YES;
				GCC_WARN_UNINITIALIZED_AUTOS = YES_AGGRESSIVE;
				GCC_WARN_UNUSED_FUNCTION = YES;
				GCC_WARN_UNUSED_VARIABLE = YES;
				IPHONEOS_DEPLOYMENT_TARGET = 13.4;
				MTL_ENABLE_DEBUG_INFO = NO;
				MTL_FAST_MATH = YES;
				SDKROOT = iphoneos;
				SWIFT_COMPILATION_MODE = wholemodule;
				SWIFT_OPTIMIZATION_LEVEL = "-O";
				VALIDATE_PRODUCT = YES;
			};
			name = Release;
		};
		584DA987243FD05D000C9A0D /* Debug */ = {
			isa = XCBuildConfiguration;
			baseConfigurationReference = 1CF7548881ADAF7FC3DDA633 /* Pods-flixster.debug.xcconfig */;
			buildSettings = {
				ASSETCATALOG_COMPILER_APPICON_NAME = AppIcon;
				CODE_SIGN_STYLE = Automatic;
				INFOPLIST_FILE = flixster/Info.plist;
				LD_RUNPATH_SEARCH_PATHS = (
					"$(inherited)",
					"@executable_path/Frameworks",
				);
				PRODUCT_BUNDLE_IDENTIFIER = com.mahamalik.flixster;
				PRODUCT_NAME = "$(TARGET_NAME)";
				SWIFT_VERSION = 5.0;
				TARGETED_DEVICE_FAMILY = "1,2";
			};
			name = Debug;
		};
		584DA988243FD05D000C9A0D /* Release */ = {
			isa = XCBuildConfiguration;
			baseConfigurationReference = 66A8DFD58A1937CB121E2E33 /* Pods-flixster.release.xcconfig */;
			buildSettings = {
				ASSETCATALOG_COMPILER_APPICON_NAME = AppIcon;
				CODE_SIGN_STYLE = Automatic;
				INFOPLIST_FILE = flixster/Info.plist;
				LD_RUNPATH_SEARCH_PATHS = (
					"$(inherited)",
					"@executable_path/Frameworks",
				);
				PRODUCT_BUNDLE_IDENTIFIER = com.mahamalik.flixster;
				PRODUCT_NAME = "$(TARGET_NAME)";
				SWIFT_VERSION = 5.0;
				TARGETED_DEVICE_FAMILY = "1,2";
			};
			name = Release;
		};
		584DA98A243FD05D000C9A0D /* Debug */ = {
			isa = XCBuildConfiguration;
			baseConfigurationReference = A399C8DB75DF12E3B7750801 /* Pods-flixsterTests.debug.xcconfig */;
			buildSettings = {
				ALWAYS_EMBED_SWIFT_STANDARD_LIBRARIES = YES;
				BUNDLE_LOADER = "$(TEST_HOST)";
				CODE_SIGN_STYLE = Automatic;
				INFOPLIST_FILE = flixsterTests/Info.plist;
				IPHONEOS_DEPLOYMENT_TARGET = 13.4;
				LD_RUNPATH_SEARCH_PATHS = (
					"$(inherited)",
					"@executable_path/Frameworks",
					"@loader_path/Frameworks",
				);
				PRODUCT_BUNDLE_IDENTIFIER = com.mahamalik.flixsterTests;
				PRODUCT_NAME = "$(TARGET_NAME)";
				SWIFT_VERSION = 5.0;
				TARGETED_DEVICE_FAMILY = "1,2";
				TEST_HOST = "$(BUILT_PRODUCTS_DIR)/flixster.app/flixster";
			};
			name = Debug;
		};
		584DA98B243FD05D000C9A0D /* Release */ = {
			isa = XCBuildConfiguration;
			baseConfigurationReference = 081C11E56F3A433C8F531C9D /* Pods-flixsterTests.release.xcconfig */;
			buildSettings = {
				ALWAYS_EMBED_SWIFT_STANDARD_LIBRARIES = YES;
				BUNDLE_LOADER = "$(TEST_HOST)";
				CODE_SIGN_STYLE = Automatic;
				INFOPLIST_FILE = flixsterTests/Info.plist;
				IPHONEOS_DEPLOYMENT_TARGET = 13.4;
				LD_RUNPATH_SEARCH_PATHS = (
					"$(inherited)",
					"@executable_path/Frameworks",
					"@loader_path/Frameworks",
				);
				PRODUCT_BUNDLE_IDENTIFIER = com.mahamalik.flixsterTests;
				PRODUCT_NAME = "$(TARGET_NAME)";
				SWIFT_VERSION = 5.0;
				TARGETED_DEVICE_FAMILY = "1,2";
				TEST_HOST = "$(BUILT_PRODUCTS_DIR)/flixster.app/flixster";
			};
			name = Release;
		};
		584DA98D243FD05D000C9A0D /* Debug */ = {
			isa = XCBuildConfiguration;
			baseConfigurationReference = 1AA8E53CB1DCFCE707FED72D /* Pods-flixster-flixsterUITests.debug.xcconfig */;
			buildSettings = {
				ALWAYS_EMBED_SWIFT_STANDARD_LIBRARIES = YES;
				CODE_SIGN_STYLE = Automatic;
				INFOPLIST_FILE = flixsterUITests/Info.plist;
				LD_RUNPATH_SEARCH_PATHS = (
					"$(inherited)",
					"@executable_path/Frameworks",
					"@loader_path/Frameworks",
				);
				PRODUCT_BUNDLE_IDENTIFIER = com.mahamalik.flixsterUITests;
				PRODUCT_NAME = "$(TARGET_NAME)";
				SWIFT_VERSION = 5.0;
				TARGETED_DEVICE_FAMILY = "1,2";
				TEST_TARGET_NAME = flixster;
			};
			name = Debug;
		};
		584DA98E243FD05D000C9A0D /* Release */ = {
			isa = XCBuildConfiguration;
			baseConfigurationReference = C3708554EA47BF0DDC6AD34D /* Pods-flixster-flixsterUITests.release.xcconfig */;
			buildSettings = {
				ALWAYS_EMBED_SWIFT_STANDARD_LIBRARIES = YES;
				CODE_SIGN_STYLE = Automatic;
				INFOPLIST_FILE = flixsterUITests/Info.plist;
				LD_RUNPATH_SEARCH_PATHS = (
					"$(inherited)",
					"@executable_path/Frameworks",
					"@loader_path/Frameworks",
				);
				PRODUCT_BUNDLE_IDENTIFIER = com.mahamalik.flixsterUITests;
				PRODUCT_NAME = "$(TARGET_NAME)";
				SWIFT_VERSION = 5.0;
				TARGETED_DEVICE_FAMILY = "1,2";
				TEST_TARGET_NAME = flixster;
			};
			name = Release;
		};
/* End XCBuildConfiguration section */

/* Begin XCConfigurationList section */
		584DA957243FD05A000C9A0D /* Build configuration list for PBXProject "flixster" */ = {
			isa = XCConfigurationList;
			buildConfigurations = (
				584DA984243FD05D000C9A0D /* Debug */,
				584DA985243FD05D000C9A0D /* Release */,
			);
			defaultConfigurationIsVisible = 0;
			defaultConfigurationName = Release;
		};
		584DA986243FD05D000C9A0D /* Build configuration list for PBXNativeTarget "flixster" */ = {
			isa = XCConfigurationList;
			buildConfigurations = (
				584DA987243FD05D000C9A0D /* Debug */,
				584DA988243FD05D000C9A0D /* Release */,
			);
			defaultConfigurationIsVisible = 0;
			defaultConfigurationName = Release;
		};
		584DA989243FD05D000C9A0D /* Build configuration list for PBXNativeTarget "flixsterTests" */ = {
			isa = XCConfigurationList;
			buildConfigurations = (
				584DA98A243FD05D000C9A0D /* Debug */,
				584DA98B243FD05D000C9A0D /* Release */,
			);
			defaultConfigurationIsVisible = 0;
			defaultConfigurationName = Release;
		};
		584DA98C243FD05D000C9A0D /* Build configuration list for PBXNativeTarget "flixsterUITests" */ = {
			isa = XCConfigurationList;
			buildConfigurations = (
				584DA98D243FD05D000C9A0D /* Debug */,
				584DA98E243FD05D000C9A0D /* Release */,
			);
			defaultConfigurationIsVisible = 0;
			defaultConfigurationName = Release;
		};
/* End XCConfigurationList section */
	};
	rootObject = 584DA954243FD05A000C9A0D /* Project object */;
}
